
Microsoft Visual Studio Solution File, Format Version 12.00
# Visual Studio Version 16
VisualStudioVersion = 16.0.31727.386
MinimumVisualStudioVersion = 10.0.40219.1
Project("{8BC9CEB8-8B4A-11D0-8D11-00A0C91BC942}") = "trpp2a_new", "trpp2a_new.vcxproj", "{4AE40D39-B67A-4F77-B67E-561DEECB3459}"
EndProject
Global
	GlobalSection(SolutionConfigurationPlatforms) = preSolution
		Debug|x64 = Debug|x64
		Debug|x86 = Debug|x86
		Release|x64 = Release|x64
		Release|x86 = Release|x86
		Release-static|x64 = Release-static|x64
		Release-static|x86 = Release-static|x86
	EndGlobalSection
	GlobalSection(ProjectConfigurationPlatforms) = postSolution
		{4AE40D39-B67A-4F77-B67E-561DEECB3459}.Debug|x64.ActiveCfg = Debug|x64
		{4AE40D39-B67A-4F77-B67E-561DEECB3459}.Debug|x64.Build.0 = Debug|x64
		{4AE40D39-B67A-4F77-B67E-561DEECB3459}.Debug|x86.ActiveCfg = Debug|Win32
		{4AE40D39-B67A-4F77-B67E-561DEECB3459}.Debug|x86.Build.0 = Debug|Win32
		{4AE40D39-B67A-4F77-B67E-561DEECB3459}.Release|x64.ActiveCfg = Release|x64
		{4AE40D39-B67A-4F77-B67E-561DEECB3459}.Release|x64.Build.0 = Release|x64
		{4AE40D39-B67A-4F77-B67E-561DEECB3459}.Release|x86.ActiveCfg = Release|Win32
		{4AE40D39-B67A-4F77-B67E-561DEECB3459}.Release|x86.Build.0 = Release|Win32
		{4AE40D39-B67A-4F77-B67E-561DEECB3459}.Release-static|x64.ActiveCfg = Release-static|x64
		{4AE40D39-B67A-4F77-B67E-561DEECB3459}.Release-static|x64.Build.0 = Release-static|x64
		{4AE40D39-B67A-4F77-B67E-561DEECB3459}.Release-static|x86.ActiveCfg = Release-static|Win32
		{4AE40D39-B67A-4F77-B67E-561DEECB3459}.Release-static|x86.Build.0 = Release-static|Win32
	EndGlobalSection
	GlobalSection(SolutionProperties) = preSolution
		HideSolutionNode = FALSE
	EndGlobalSection
	GlobalSection(ExtensibilityGlobals) = postSolution
		SolutionGuid = {4B133430-D154-4850-AD82-3B1CAAE0A78C}
	EndGlobalSection
EndGlobal
